// !$*UTF8*$!
{
	archiveVersion = 1;
	classes = {
	};
	objectVersion = 50;
	objects = {

/* Begin PBXBuildFile section */
		1A734119210202AA00F943F1 /* AppDelegate.swift in Sources */ = {isa = PBXBuildFile; fileRef = 1A734118210202AA00F943F1 /* AppDelegate.swift */; };
		1A73411B210202AA00F943F1 /* ViewController.swift in Sources */ = {isa = PBXBuildFile; fileRef = 1A73411A210202AA00F943F1 /* ViewController.swift */; };
		1A73411E210202AA00F943F1 /* Main.storyboard in Resources */ = {isa = PBXBuildFile; fileRef = 1A73411C210202AA00F943F1 /* Main.storyboard */; };
		1A734121210202AA00F943F1 /* DraggableWithFloatingButtonKonds.xcdatamodeld in Sources */ = {isa = PBXBuildFile; fileRef = 1A73411F210202AA00F943F1 /* DraggableWithFloatingButtonKonds.xcdatamodeld */; };
		1A734123210202B200F943F1 /* Assets.xcassets in Resources */ = {isa = PBXBuildFile; fileRef = 1A734122210202B200F943F1 /* Assets.xcassets */; };
		1A734126210202B200F943F1 /* LaunchScreen.storyboard in Resources */ = {isa = PBXBuildFile; fileRef = 1A734124210202B200F943F1 /* LaunchScreen.storyboard */; };
		1A734131210202B300F943F1 /* DraggableWithFloatingButtonKondsTests.swift in Sources */ = {isa = PBXBuildFile; fileRef = 1A734130210202B300F943F1 /* DraggableWithFloatingButtonKondsTests.swift */; };
		1A73413C210202B300F943F1 /* DraggableWithFloatingButtonKondsUITests.swift in Sources */ = {isa = PBXBuildFile; fileRef = 1A73413B210202B300F943F1 /* DraggableWithFloatingButtonKondsUITests.swift */; };
		1A73414C210202FF00F943F1 /* ActionButton.swift in Sources */ = {isa = PBXBuildFile; fileRef = 1A73414A210202FF00F943F1 /* ActionButton.swift */; };
		1A73414D210202FF00F943F1 /* ActionButtonItem.swift in Sources */ = {isa = PBXBuildFile; fileRef = 1A73414B210202FF00F943F1 /* ActionButtonItem.swift */; };
/* End PBXBuildFile section */

/* Begin PBXContainerItemProxy section */
		1A73412D210202B300F943F1 /* PBXContainerItemProxy */ = {
			isa = PBXContainerItemProxy;
			containerPortal = 1A73410D210202AA00F943F1 /* Project object */;
			proxyType = 1;
			remoteGlobalIDString = 1A734114210202AA00F943F1;
			remoteInfo = DraggableWithFloatingButtonKonds;
		};
		1A734138210202B300F943F1 /* PBXContainerItemProxy */ = {
			isa = PBXContainerItemProxy;
			containerPortal = 1A73410D210202AA00F943F1 /* Project object */;
			proxyType = 1;
			remoteGlobalIDString = 1A734114210202AA00F943F1;
			remoteInfo = DraggableWithFloatingButtonKonds;
		};
/* End PBXContainerItemProxy section */

/* Begin PBXFileReference section */
		1A734115210202AA00F943F1 /* DraggableWithFloatingButtonKonds.app */ = {isa = PBXFileReference; explicitFileType = wrapper.application; includeInIndex = 0; path = DraggableWithFloatingButtonKonds.app; sourceTree = BUILT_PRODUCTS_DIR; };
		1A734118210202AA00F943F1 /* AppDelegate.swift */ = {isa = PBXFileReference; lastKnownFileType = sourcecode.swift; path = AppDelegate.swift; sourceTree = "<group>"; };
		1A73411A210202AA00F943F1 /* ViewController.swift */ = {isa = PBXFileReference; lastKnownFileType = sourcecode.swift; path = ViewController.swift; sourceTree = "<group>"; };
		1A73411D210202AA00F943F1 /* Base */ = {isa = PBXFileReference; lastKnownFileType = file.storyboard; name = Base; path = Base.lproj/Main.storyboard; sourceTree = "<group>"; };
		1A734120210202AA00F943F1 /* DraggableWithFloatingButtonKonds.xcdatamodel */ = {isa = PBXFileReference; lastKnownFileType = wrapper.xcdatamodel; path = DraggableWithFloatingButtonKonds.xcdatamodel; sourceTree = "<group>"; };
		1A734122210202B200F943F1 /* Assets.xcassets */ = {isa = PBXFileReference; lastKnownFileType = folder.assetcatalog; path = Assets.xcassets; sourceTree = "<group>"; };
		1A734125210202B200F943F1 /* Base */ = {isa = PBXFileReference; lastKnownFileType = file.storyboard; name = Base; path = Base.lproj/LaunchScreen.storyboard; sourceTree = "<group>"; };
		1A734127210202B200F943F1 /* Info.plist */ = {isa = PBXFileReference; lastKnownFileType = text.plist.xml; path = Info.plist; sourceTree = "<group>"; };
		1A73412C210202B300F943F1 /* DraggableWithFloatingButtonKondsTests.xctest */ = {isa = PBXFileReference; explicitFileType = wrapper.cfbundle; includeInIndex = 0; path = DraggableWithFloatingButtonKondsTests.xctest; sourceTree = BUILT_PRODUCTS_DIR; };
		1A734130210202B300F943F1 /* DraggableWithFloatingButtonKondsTests.swift */ = {isa = PBXFileReference; lastKnownFileType = sourcecode.swift; path = DraggableWithFloatingButtonKondsTests.swift; sourceTree = "<group>"; };
		1A734132210202B300F943F1 /* Info.plist */ = {isa = PBXFileReference; lastKnownFileType = text.plist.xml; path = Info.plist; sourceTree = "<group>"; };
		1A734137210202B300F943F1 /* DraggableWithFloatingButtonKondsUITests.xctest */ = {isa = PBXFileReference; explicitFileType = wrapper.cfbundle; includeInIndex = 0; path = DraggableWithFloatingButtonKondsUITests.xctest; sourceTree = BUILT_PRODUCTS_DIR; };
		1A73413B210202B300F943F1 /* DraggableWithFloatingButtonKondsUITests.swift */ = {isa = PBXFileReference; lastKnownFileType = sourcecode.swift; path = DraggableWithFloatingButtonKondsUITests.swift; sourceTree = "<group>"; };
		1A73413D210202B300F943F1 /* Info.plist */ = {isa = PBXFileReference; lastKnownFileType = text.plist.xml; path = Info.plist; sourceTree = "<group>"; };
		1A73414A210202FF00F943F1 /* ActionButton.swift */ = {isa = PBXFileReference; fileEncoding = 4; lastKnownFileType = sourcecode.swift; path = ActionButton.swift; sourceTree = "<group>"; };
		1A73414B210202FF00F943F1 /* ActionButtonItem.swift */ = {isa = PBXFileReference; fileEncoding = 4; lastKnownFileType = sourcecode.swift; path = ActionButtonItem.swift; sourceTree = "<group>"; };
/* End PBXFileReference section */

/* Begin PBXFrameworksBuildPhase section */
		1A734112210202AA00F943F1 /* Frameworks */ = {
			isa = PBXFrameworksBuildPhase;
			buildActionMask = 2147483647;
			files = (
			);
			runOnlyForDeploymentPostprocessing = 0;
		};
		1A734129210202B300F943F1 /* Frameworks */ = {
			isa = PBXFrameworksBuildPhase;
			buildActionMask = 2147483647;
			files = (
			);
			runOnlyForDeploymentPostprocessing = 0;
		};
		1A734134210202B300F943F1 /* Frameworks */ = {
			isa = PBXFrameworksBuildPhase;
			buildActionMask = 2147483647;
			files = (
			);
			runOnlyForDeploymentPostprocessing = 0;
		};
/* End PBXFrameworksBuildPhase section */

/* Begin PBXGroup section */
		1A73410C210202AA00F943F1 = {
			isa = PBXGroup;
			children = (
				1A734117210202AA00F943F1 /* DraggableWithFloatingButtonKonds */,
				1A73412F210202B300F943F1 /* DraggableWithFloatingButtonKondsTests */,
				1A73413A210202B300F943F1 /* DraggableWithFloatingButtonKondsUITests */,
				1A734116210202AA00F943F1 /* Products */,
			);
			sourceTree = "<group>";
		};
		1A734116210202AA00F943F1 /* Products */ = {
			isa = PBXGroup;
			children = (
				1A734115210202AA00F943F1 /* DraggableWithFloatingButtonKonds.app */,
				1A73412C210202B300F943F1 /* DraggableWithFloatingButtonKondsTests.xctest */,
				1A734137210202B300F943F1 /* DraggableWithFloatingButtonKondsUITests.xctest */,
			);
			name = Products;
			sourceTree = "<group>";
		};
		1A734117210202AA00F943F1 /* DraggableWithFloatingButtonKonds */ = {
			isa = PBXGroup;
			children = (
				1A734149210202CC00F943F1 /* ActionButton */,
				1A734118210202AA00F943F1 /* AppDelegate.swift */,
				1A73411A210202AA00F943F1 /* ViewController.swift */,
				1A73411C210202AA00F943F1 /* Main.storyboard */,
				1A734122210202B200F943F1 /* Assets.xcassets */,
				1A734124210202B200F943F1 /* LaunchScreen.storyboard */,
				1A734127210202B200F943F1 /* Info.plist */,
				1A73411F210202AA00F943F1 /* DraggableWithFloatingButtonKonds.xcdatamodeld */,
			);
			path = DraggableWithFloatingButtonKonds;
			sourceTree = "<group>";
		};
		1A73412F210202B300F943F1 /* DraggableWithFloatingButtonKondsTests */ = {
			isa = PBXGroup;
			children = (
				1A734130210202B300F943F1 /* DraggableWithFloatingButtonKondsTests.swift */,
				1A734132210202B300F943F1 /* Info.plist */,
			);
			path = DraggableWithFloatingButtonKondsTests;
			sourceTree = "<group>";
		};
		1A73413A210202B300F943F1 /* DraggableWithFloatingButtonKondsUITests */ = {
			isa = PBXGroup;
			children = (
				1A73413B210202B300F943F1 /* DraggableWithFloatingButtonKondsUITests.swift */,
				1A73413D210202B300F943F1 /* Info.plist */,
			);
			path = DraggableWithFloatingButtonKondsUITests;
			sourceTree = "<group>";
		};
		1A734149210202CC00F943F1 /* ActionButton */ = {
			isa = PBXGroup;
			children = (
				1A73414A210202FF00F943F1 /* ActionButton.swift */,
				1A73414B210202FF00F943F1 /* ActionButtonItem.swift */,
			);
			path = ActionButton;
			sourceTree = "<group>";
		};
/* End PBXGroup section */

/* Begin PBXNativeTarget section */
		1A734114210202AA00F943F1 /* DraggableWithFloatingButtonKonds */ = {
			isa = PBXNativeTarget;
			buildConfigurationList = 1A734140210202B300F943F1 /* Build configuration list for PBXNativeTarget "DraggableWithFloatingButtonKonds" */;
			buildPhases = (
				1A734111210202AA00F943F1 /* Sources */,
				1A734112210202AA00F943F1 /* Frameworks */,
				1A734113210202AA00F943F1 /* Resources */,
			);
			buildRules = (
			);
			dependencies = (
			);
			name = DraggableWithFloatingButtonKonds;
			productName = DraggableWithFloatingButtonKonds;
			productReference = 1A734115210202AA00F943F1 /* DraggableWithFloatingButtonKonds.app */;
			productType = "com.apple.product-type.application";
		};
		1A73412B210202B300F943F1 /* DraggableWithFloatingButtonKondsTests */ = {
			isa = PBXNativeTarget;
			buildConfigurationList = 1A734143210202B300F943F1 /* Build configuration list for PBXNativeTarget "DraggableWithFloatingButtonKondsTests" */;
			buildPhases = (
				1A734128210202B300F943F1 /* Sources */,
				1A734129210202B300F943F1 /* Frameworks */,
				1A73412A210202B300F943F1 /* Resources */,
			);
			buildRules = (
			);
			dependencies = (
				1A73412E210202B300F943F1 /* PBXTargetDependency */,
			);
			name = DraggableWithFloatingButtonKondsTests;
			productName = DraggableWithFloatingButtonKondsTests;
			productReference = 1A73412C210202B300F943F1 /* DraggableWithFloatingButtonKondsTests.xctest */;
			productType = "com.apple.product-type.bundle.unit-test";
		};
		1A734136210202B300F943F1 /* DraggableWithFloatingButtonKondsUITests */ = {
			isa = PBXNativeTarget;
			buildConfigurationList = 1A734146210202B300F943F1 /* Build configuration list for PBXNativeTarget "DraggableWithFloatingButtonKondsUITests" */;
			buildPhases = (
				1A734133210202B300F943F1 /* Sources */,
				1A734134210202B300F943F1 /* Frameworks */,
				1A734135210202B300F943F1 /* Resources */,
			);
			buildRules = (
			);
			dependencies = (
				1A734139210202B300F943F1 /* PBXTargetDependency */,
			);
			name = DraggableWithFloatingButtonKondsUITests;
			productName = DraggableWithFloatingButtonKondsUITests;
			productReference = 1A734137210202B300F943F1 /* DraggableWithFloatingButtonKondsUITests.xctest */;
			productType = "com.apple.product-type.bundle.ui-testing";
		};
/* End PBXNativeTarget section */

/* Begin PBXProject section */
		1A73410D210202AA00F943F1 /* Project object */ = {
			isa = PBXProject;
			attributes = {
				LastSwiftUpdateCheck = 0940;
				LastUpgradeCheck = 0940;
				ORGANIZATIONNAME = "Fortune4 Technologies";
				TargetAttributes = {
					1A734114210202AA00F943F1 = {
						CreatedOnToolsVersion = 9.4;
					};
					1A73412B210202B300F943F1 = {
						CreatedOnToolsVersion = 9.4;
						TestTargetID = 1A734114210202AA00F943F1;
					};
					1A734136210202B300F943F1 = {
						CreatedOnToolsVersion = 9.4;
						TestTargetID = 1A734114210202AA00F943F1;
					};
				};
			};
			buildConfigurationList = 1A734110210202AA00F943F1 /* Build configuration list for PBXProject "DraggableWithFloatingButtonKonds" */;
			compatibilityVersion = "Xcode 9.3";
			developmentRegion = en;
			hasScannedForEncodings = 0;
			knownRegions = (
				en,
				Base,
			);
			mainGroup = 1A73410C210202AA00F943F1;
			productRefGroup = 1A734116210202AA00F943F1 /* Products */;
			projectDirPath = "";
			projectRoot = "";
			targets = (
				1A734114210202AA00F943F1 /* DraggableWithFloatingButtonKonds */,
				1A73412B210202B300F943F1 /* DraggableWithFloatingButtonKondsTests */,
				1A734136210202B300F943F1 /* DraggableWithFloatingButtonKondsUITests */,
			);
		};
/* End PBXProject section */

/* Begin PBXResourcesBuildPhase section */
		1A734113210202AA00F943F1 /* Resources */ = {
			isa = PBXResourcesBuildPhase;
			buildActionMask = 2147483647;
			files = (
				1A734126210202B200F943F1 /* LaunchScreen.storyboard in Resources */,
				1A734123210202B200F943F1 /* Assets.xcassets in Resources */,
				1A73411E210202AA00F943F1 /* Main.storyboard in Resources */,
			);
			runOnlyForDeploymentPostprocessing = 0;
		};
		1A73412A210202B300F943F1 /* Resources */ = {
			isa = PBXResourcesBuildPhase;
			buildActionMask = 2147483647;
			files = (
			);
			runOnlyForDeploymentPostprocessing = 0;
		};
		1A734135210202B300F943F1 /* Resources */ = {
			isa = PBXResourcesBuildPhase;
			buildActionMask = 2147483647;
			files = (
			);
			runOnlyForDeploymentPostprocessing = 0;
		};
/* End PBXResourcesBuildPhase section */

/* Begin PBXSourcesBuildPhase section */
		1A734111210202AA00F943F1 /* Sources */ = {
			isa = PBXSourcesBuildPhase;
			buildActionMask = 2147483647;
			files = (
				1A73411B210202AA00F943F1 /* ViewController.swift in Sources */,
				1A73414D210202FF00F943F1 /* ActionButtonItem.swift in Sources */,
				1A734119210202AA00F943F1 /* AppDelegate.swift in Sources */,
				1A734121210202AA00F943F1 /* DraggableWithFloatingButtonKonds.xcdatamodeld in Sources */,
				1A73414C210202FF00F943F1 /* ActionButton.swift in Sources */,
			);
			runOnlyForDeploymentPostprocessing = 0;
		};
		1A734128210202B300F943F1 /* Sources */ = {
			isa = PBXSourcesBuildPhase;
			buildActionMask = 2147483647;
			files = (
				1A734131210202B300F943F1 /* DraggableWithFloatingButtonKondsTests.swift in Sources */,
			);
			runOnlyForDeploymentPostprocessing = 0;
		};
		1A734133210202B300F943F1 /* Sources */ = {
			isa = PBXSourcesBuildPhase;
			buildActionMask = 2147483647;
			files = (
				1A73413C210202B300F943F1 /* DraggableWithFloatingButtonKondsUITests.swift in Sources */,
			);
			runOnlyForDeploymentPostprocessing = 0;
		};
/* End PBXSourcesBuildPhase section */

/* Begin PBXTargetDependency section */
		1A73412E210202B300F943F1 /* PBXTargetDependency */ = {
			isa = PBXTargetDependency;
			target = 1A734114210202AA00F943F1 /* DraggableWithFloatingButtonKonds */;
			targetProxy = 1A73412D210202B300F943F1 /* PBXContainerItemProxy */;
		};
		1A734139210202B300F943F1 /* PBXTargetDependency */ = {
			isa = PBXTargetDependency;
			target = 1A734114210202AA00F943F1 /* DraggableWithFloatingButtonKonds */;
			targetProxy = 1A734138210202B300F943F1 /* PBXContainerItemProxy */;
		};
/* End PBXTargetDependency section */

/* Begin PBXVariantGroup section */
		1A73411C210202AA00F943F1 /* Main.storyboard */ = {
			isa = PBXVariantGroup;
			children = (
				1A73411D210202AA00F943F1 /* Base */,
			);
			name = Main.storyboard;
			sourceTree = "<group>";
		};
		1A734124210202B200F943F1 /* LaunchScreen.storyboard */ = {
			isa = PBXVariantGroup;
			children = (
				1A734125210202B200F943F1 /* Base */,
			);
			name = LaunchScreen.storyboard;
			sourceTree = "<group>";
		};
/* End PBXVariantGroup section */

/* Begin XCBuildConfiguration section */
		1A73413E210202B300F943F1 /* Debug */ = {
			isa = XCBuildConfiguration;
			buildSettings = {
				ALWAYS_SEARCH_USER_PATHS = NO;
				CLANG_ANALYZER_NONNULL = YES;
				CLANG_ANALYZER_NUMBER_OBJECT_CONVERSION = YES_AGGRESSIVE;
				CLANG_CXX_LANGUAGE_STANDARD = "gnu++14";
				CLANG_CXX_LIBRARY = "libc++";
				CLANG_ENABLE_MODULES = YES;
				CLANG_ENABLE_OBJC_ARC = YES;
				CLANG_ENABLE_OBJC_WEAK = YES;
				CLANG_WARN_BLOCK_CAPTURE_AUTORELEASING = YES;
				CLANG_WARN_BOOL_CONVERSION = YES;
				CLANG_WARN_COMMA = YES;
				CLANG_WARN_CONSTANT_CONVERSION = YES;
				CLANG_WARN_DEPRECATED_OBJC_IMPLEMENTATIONS = YES;
				CLANG_WARN_DIRECT_OBJC_ISA_USAGE = YES_ERROR;
				CLANG_WARN_DOCUMENTATION_COMMENTS = YES;
				CLANG_WARN_EMPTY_BODY = YES;
				CLANG_WARN_ENUM_CONVERSION = YES;
				CLANG_WARN_INFINITE_RECURSION = YES;
				CLANG_WARN_INT_CONVERSION = YES;
				CLANG_WARN_NON_LITERAL_NULL_CONVERSION = YES;
				CLANG_WARN_OBJC_IMPLICIT_RETAIN_SELF = YES;
				CLANG_WARN_OBJC_LITERAL_CONVERSION = YES;
				CLANG_WARN_OBJC_ROOT_CLASS = YES_ERROR;
				CLANG_WARN_RANGE_LOOP_ANALYSIS = YES;
				CLANG_WARN_STRICT_PROTOTYPES = YES;
				CLANG_WARN_SUSPICIOUS_MOVE = YES;
				CLANG_WARN_UNGUARDED_AVAILABILITY = YES_AGGRESSIVE;
				CLANG_WARN_UNREACHABLE_CODE = YES;
				CLANG_WARN__DUPLICATE_METHOD_MATCH = YES;
				CODE_SIGN_IDENTITY = "iPhone Developer";
				COPY_PHASE_STRIP = NO;
				DEBUG_INFORMATION_FORMAT = dwarf;
				ENABLE_STRICT_OBJC_MSGSEND = YES;
				ENABLE_TESTABILITY = YES;
				GCC_C_LANGUAGE_STANDARD = gnu11;
				GCC_DYNAMIC_NO_PIC = NO;
				GCC_NO_COMMON_BLOCKS = YES;
				GCC_OPTIMIZATION_LEVEL = 0;
				GCC_PREPROCESSOR_DEFINITIONS = (
					"DEBUG=1",
					"$(inherited)",
				);
				GCC_WARN_64_TO_32_BIT_CONVERSION = YES;
				GCC_WARN_ABOUT_RETURN_TYPE = YES_ERROR;
				GCC_WARN_UNDECLARED_SELECTOR = YES;
				GCC_WARN_UNINITIALIZED_AUTOS = YES_AGGRESSIVE;
				GCC_WARN_UNUSED_FUNCTION = YES;
				GCC_WARN_UNUSED_VARIABLE = YES;
				IPHONEOS_DEPLOYMENT_TARGET = 11.4;
				MTL_ENABLE_DEBUG_INFO = YES;
				ONLY_ACTIVE_ARCH = YES;
				SDKROOT = iphoneos;
				SWIFT_ACTIVE_COMPILATION_CONDITIONS = DEBUG;
				SWIFT_OPTIMIZATION_LEVEL = "-Onone";
			};
			name = Debug;
		};
		1A73413F210202B300F943F1 /* Release */ = {
			isa = XCBuildConfiguration;
			buildSettings = {
				ALWAYS_SEARCH_USER_PATHS = NO;
				CLANG_ANALYZER_NONNULL = YES;
				CLANG_ANALYZER_NUMBER_OBJECT_CONVERSION = YES_AGGRESSIVE;
				CLANG_CXX_LANGUAGE_STANDARD = "gnu++14";
				CLANG_CXX_LIBRARY = "libc++";
				CLANG_ENABLE_MODULES = YES;
				CLANG_ENABLE_OBJC_ARC = YES;
				CLANG_ENABLE_OBJC_WEAK = YES;
				CLANG_WARN_BLOCK_CAPTURE_AUTORELEASING = YES;
				CLANG_WARN_BOOL_CONVERSION = YES;
				CLANG_WARN_COMMA = YES;
				CLANG_WARN_CONSTANT_CONVERSION = YES;
				CLANG_WARN_DEPRECATED_OBJC_IMPLEMENTATIONS = YES;
				CLANG_WARN_DIRECT_OBJC_ISA_USAGE = YES_ERROR;
				CLANG_WARN_DOCUMENTATION_COMMENTS = YES;
				CLANG_WARN_EMPTY_BODY = YES;
				CLANG_WARN_ENUM_CONVERSION = YES;
				CLANG_WARN_INFINITE_RECURSION = YES;
				CLANG_WARN_INT_CONVERSION = YES;
				CLANG_WARN_NON_LITERAL_NULL_CONVERSION = YES;
				CLANG_WARN_OBJC_IMPLICIT_RETAIN_SELF = YES;
				CLANG_WARN_OBJC_LITERAL_CONVERSION = YES;
				CLANG_WARN_OBJC_ROOT_CLASS = YES_ERROR;
				CLANG_WARN_RANGE_LOOP_ANALYSIS = YES;
				CLANG_WARN_STRICT_PROTOTYPES = YES;
				CLANG_WARN_SUSPICIOUS_MOVE = YES;
				CLANG_WARN_UNGUARDED_AVAILABILITY = YES_AGGRESSIVE;
				CLANG_WARN_UNREACHABLE_CODE = YES;
				CLANG_WARN__DUPLICATE_METHOD_MATCH = YES;
				CODE_SIGN_IDENTITY = "iPhone Developer";
				COPY_PHASE_STRIP = NO;
				DEBUG_INFORMATION_FORMAT = "dwarf-with-dsym";
				ENABLE_NS_ASSERTIONS = NO;
				ENABLE_STRICT_OBJC_MSGSEND = YES;
				GCC_C_LANGUAGE_STANDARD = gnu11;
				GCC_NO_COMMON_BLOCKS = YES;
				GCC_WARN_64_TO_32_BIT_CONVERSION = YES;
				GCC_WARN_ABOUT_RETURN_TYPE = YES_ERROR;
				GCC_WARN_UNDECLARED_SELECTOR = YES;
				GCC_WARN_UNINITIALIZED_AUTOS = YES_AGGRESSIVE;
				GCC_WARN_UNUSED_FUNCTION = YES;
				GCC_WARN_UNUSED_VARIABLE = YES;
				IPHONEOS_DEPLOYMENT_TARGET = 11.4;
				MTL_ENABLE_DEBUG_INFO = NO;
				SDKROOT = iphoneos;
				SWIFT_COMPILATION_MODE = wholemodule;
				SWIFT_OPTIMIZATION_LEVEL = "-O";
				VALIDATE_PRODUCT = YES;
			};
			name = Release;
		};
		1A734141210202B300F943F1 /* Debug */ = {
			isa = XCBuildConfiguration;
			buildSettings = {
				ASSETCATALOG_COMPILER_APPICON_NAME = AppIcon;
				CODE_SIGN_STYLE = Automatic;
				DEVELOPMENT_TEAM = UMUY72KH99;
				INFOPLIST_FILE = DraggableWithFloatingButtonKonds/Info.plist;
				LD_RUNPATH_SEARCH_PATHS = (
					"$(inherited)",
					"@executable_path/Frameworks",
				);
				PRODUCT_BUNDLE_IDENTIFIER = com.fortune4.DraggableWithFloatingButtonKonds;
				PRODUCT_NAME = "$(TARGET_NAME)";
				SWIFT_VERSION = 4.0;
				TARGETED_DEVICE_FAMILY = "1,2";
			};
			name = Debug;
		};
		1A734142210202B300F943F1 /* Release */ = {
			isa = XCBuildConfiguration;
			buildSettings = {
				ASSETCATALOG_COMPILER_APPICON_NAME = AppIcon;
				CODE_SIGN_STYLE = Automatic;
				DEVELOPMENT_TEAM = UMUY72KH99;
				INFOPLIST_FILE = DraggableWithFloatingButtonKonds/Info.plist;
				LD_RUNPATH_SEARCH_PATHS = (
					"$(inherited)",
					"@executable_path/Frameworks",
				);
				PRODUCT_BUNDLE_IDENTIFIER = com.fortune4.DraggableWithFloatingButtonKonds;
				PRODUCT_NAME = "$(TARGET_NAME)";
				SWIFT_VERSION = 4.0;
				TARGETED_DEVICE_FAMILY = "1,2";
			};
			name = Release;
		};
		1A734144210202B300F943F1 /* Debug */ = {
			isa = XCBuildConfiguration;
			buildSettings = {
				ALWAYS_EMBED_SWIFT_STANDARD_LIBRARIES = YES;
				BUNDLE_LOADER = "$(TEST_HOST)";
				CODE_SIGN_STYLE = Automatic;
				DEVELOPMENT_TEAM = UMUY72KH99;
				INFOPLIST_FILE = DraggableWithFloatingButtonKondsTests/Info.plist;
				LD_RUNPATH_SEARCH_PATHS = (
					"$(inherited)",
					"@executable_path/Frameworks",
					"@loader_path/Frameworks",
				);
				PRODUCT_BUNDLE_IDENTIFIER = com.fortune4.DraggableWithFloatingButtonKondsTests;
				PRODUCT_NAME = "$(TARGET_NAME)";
				SWIFT_VERSION = 4.0;
				TARGETED_DEVICE_FAMILY = "1,2";
				TEST_HOST = "$(BUILT_PRODUCTS_DIR)/DraggableWithFloatingButtonKonds.app/DraggableWithFloatingButtonKonds";
			};
			name = Debug;
		};
		1A734145210202B300F943F1 /* Release */ = {
			isa = XCBuildConfiguration;
			buildSettings = {
				ALWAYS_EMBED_SWIFT_STANDARD_LIBRARIES = YES;
				BUNDLE_LOADER = "$(TEST_HOST)";
				CODE_SIGN_STYLE = Automatic;
				DEVELOPMENT_TEAM = UMUY72KH99;
				INFOPLIST_FILE = DraggableWithFloatingButtonKondsTests/Info.plist;
				LD_RUNPATH_SEARCH_PATHS = (
					"$(inherited)",
					"@executable_path/Frameworks",
					"@loader_path/Frameworks",
				);
				PRODUCT_BUNDLE_IDENTIFIER = com.fortune4.DraggableWithFloatingButtonKondsTests;
				PRODUCT_NAME = "$(TARGET_NAME)";
				SWIFT_VERSION = 4.0;
				TARGETED_DEVICE_FAMILY = "1,2";
				TEST_HOST = "$(BUILT_PRODUCTS_DIR)/DraggableWithFloatingButtonKonds.app/DraggableWithFloatingButtonKonds";
			};
			name = Release;
		};
		1A734147210202B300F943F1 /* Debug */ = {
			isa = XCBuildConfiguration;
			buildSettings = {
				ALWAYS_EMBED_SWIFT_STANDARD_LIBRARIES = YES;
				CODE_SIGN_STYLE = Automatic;
				DEVELOPMENT_TEAM = UMUY72KH99;
				INFOPLIST_FILE = DraggableWithFloatingButtonKondsUITests/Info.plist;
				LD_RUNPATH_SEARCH_PATHS = (
					"$(inherited)",
					"@executable_path/Frameworks",
					"@loader_path/Frameworks",
				);
				PRODUCT_BUNDLE_IDENTIFIER = com.fortune4.DraggableWithFloatingButtonKondsUITests;
				PRODUCT_NAME = "$(TARGET_NAME)";
				SWIFT_VERSION = 4.0;
				TARGETED_DEVICE_FAMILY = "1,2";
				TEST_TARGET_NAME = DraggableWithFloatingButtonKonds;
			};
			name = Debug;
		};
		1A734148210202B300F943F1 /* Release */ = {
			isa = XCBuildConfiguration;
			buildSettings = {
				ALWAYS_EMBED_SWIFT_STANDARD_LIBRARIES = YES;
				CODE_SIGN_STYLE = Automatic;
				DEVELOPMENT_TEAM = UMUY72KH99;
				INFOPLIST_FILE = DraggableWithFloatingButtonKondsUITests/Info.plist;
				LD_RUNPATH_SEARCH_PATHS = (
					"$(inherited)",
					"@executable_path/Frameworks",
					"@loader_path/Frameworks",
				);
				PRODUCT_BUNDLE_IDENTIFIER = com.fortune4.DraggableWithFloatingButtonKondsUITests;
				PRODUCT_NAME = "$(TARGET_NAME)";
				SWIFT_VERSION = 4.0;
				TARGETED_DEVICE_FAMILY = "1,2";
				TEST_TARGET_NAME = DraggableWithFloatingButtonKonds;
			};
			name = Release;
		};
/* End XCBuildConfiguration section */

/* Begin XCConfigurationList section */
		1A734110210202AA00F943F1 /* Build configuration list for PBXProject "DraggableWithFloatingButtonKonds" */ = {
			isa = XCConfigurationList;
			buildConfigurations = (
				1A73413E210202B300F943F1 /* Debug */,
				1A73413F210202B300F943F1 /* Release */,
			);
			defaultConfigurationIsVisible = 0;
			defaultConfigurationName = Release;
		};
		1A734140210202B300F943F1 /* Build configuration list for PBXNativeTarget "DraggableWithFloatingButtonKonds" */ = {
			isa = XCConfigurationList;
			buildConfigurations = (
				1A734141210202B300F943F1 /* Debug */,
				1A734142210202B300F943F1 /* Release */,
			);
			defaultConfigurationIsVisible = 0;
			defaultConfigurationName = Release;
		};
		1A734143210202B300F943F1 /* Build configuration list for PBXNativeTarget "DraggableWithFloatingButtonKondsTests" */ = {
			isa = XCConfigurationList;
			buildConfigurations = (
				1A734144210202B300F943F1 /* Debug */,
				1A734145210202B300F943F1 /* Release */,
			);
			defaultConfigurationIsVisible = 0;
			defaultConfigurationName = Release;
		};
		1A734146210202B300F943F1 /* Build configuration list for PBXNativeTarget "DraggableWithFloatingButtonKondsUITests" */ = {
			isa = XCConfigurationList;
			buildConfigurations = (
				1A734147210202B300F943F1 /* Debug */,
				1A734148210202B300F943F1 /* Release */,
			);
			defaultConfigurationIsVisible = 0;
			defaultConfigurationName = Release;
		};
/* End XCConfigurationList section */

/* Begin XCVersionGroup section */
		1A73411F210202AA00F943F1 /* DraggableWithFloatingButtonKonds.xcdatamodeld */ = {
			isa = XCVersionGroup;
			children = (
				1A734120210202AA00F943F1 /* DraggableWithFloatingButtonKonds.xcdatamodel */,
			);
			currentVersion = 1A734120210202AA00F943F1 /* DraggableWithFloatingButtonKonds.xcdatamodel */;
			path = DraggableWithFloatingButtonKonds.xcdatamodeld;
			sourceTree = "<group>";
			versionGroupType = wrapper.xcdatamodel;
		};
/* End XCVersionGroup section */
	};
	rootObject = 1A73410D210202AA00F943F1 /* Project object */;
}
